
Microsoft Visual Studio Solution File, Format Version 12.00
# Visual Studio Version 16
VisualStudioVersion = 16.0.29920.165
MinimumVisualStudioVersion = 10.0.40219.1
Project("{FAE04EC0-301F-11D3-BF4B-00C04F79EFBC}") = "proxygen", "proxygen\proxygen.csproj", "{EC0D6E72-7AE3-4D31-BD90-07A87AE32A37}"
EndProject
Global
	GlobalSection(SolutionConfigurationPlatforms) = preSolution
		Debug|Any CPU = Debug|Any CPU
		Release|Any CPU = Release|Any CPU
	EndGlobalSection
	GlobalSection(ProjectConfigurationPlatforms) = postSolution
		{EC0D6E72-7AE3-4D31-BD90-07A87AE32A37}.Debug|Any CPU.ActiveCfg = Debug|Any CPU
		{EC0D6E72-7AE3-4D31-BD90-07A87AE32A37}.Debug|Any CPU.Build.0 = Debug|Any CPU
		{EC0D6E72-7AE3-4D31-BD90-07A87AE32A37}.Release|Any CPU.ActiveCfg = Release|Any CPU
		{EC0D6E72-7AE3-4D31-BD90-07A87AE32A37}.Release|Any CPU.Build.0 = Release|Any CPU
	EndGlobalSection
	GlobalSection(SolutionProperties) = preSolution
		HideSolutionNode = FALSE
	EndGlobalSection
	GlobalSection(ExtensibilityGlobals) = postSolution
		SolutionGuid = {7CACC93C-710E-4FED-8609-CA9526B20D94}
	EndGlobalSection
EndGlobal
